
Microsoft Visual Studio Solution File, Format Version 12.00
# Visual Studio 15
VisualStudioVersion = 15.0.28307.271
MinimumVisualStudioVersion = 10.0.40219.1
Project("{FAE04EC0-301F-11D3-BF4B-00C04F79EFBC}") = "WebAppPierre2", "WebAppPierre2\WebAppPierre2.csproj", "{CDEED8DC-4BB4-4CD7-9912-44E8C139D783}"
EndProject
Global
	GlobalSection(SolutionConfigurationPlatforms) = preSolution
		Debug|Any CPU = Debug|Any CPU
		Release|Any CPU = Release|Any CPU
	EndGlobalSection
	GlobalSection(ProjectConfigurationPlatforms) = postSolution
		{CDEED8DC-4BB4-4CD7-9912-44E8C139D783}.Debug|Any CPU.ActiveCfg = Debug|Any CPU
		{CDEED8DC-4BB4-4CD7-9912-44E8C139D783}.Debug|Any CPU.Build.0 = Debug|Any CPU
		{CDEED8DC-4BB4-4CD7-9912-44E8C139D783}.Release|Any CPU.ActiveCfg = Release|Any CPU
		{CDEED8DC-4BB4-4CD7-9912-44E8C139D783}.Release|Any CPU.Build.0 = Release|Any CPU
	EndGlobalSection
	GlobalSection(SolutionProperties) = preSolution
		HideSolutionNode = FALSE
	EndGlobalSection
	GlobalSection(ExtensibilityGlobals) = postSolution
		SolutionGuid = {6C2B588F-3671-4EC9-BCFD-34D21450FC1A}
	EndGlobalSection
EndGlobal
